Microsoft Visual Studio Solution File, Format Version 12.00
# Visual Studio Version 17
VisualStudioVersion = 17.5.2.0
MinimumVisualStudioVersion = 10.0.40219.1
Project("{FAE04EC0-301F-11D3-BF4B-00C04F79EFBC}") = "projeto13", "projeto13.csproj", "{39445100-F0E2-4639-9CE1-486455536D19}"
EndProject
Global
	GlobalSection(SolutionConfigurationPlatforms) = preSolution
		Debug|Any CPU = Debug|Any CPU
		Release|Any CPU = Release|Any CPU
	EndGlobalSection
	GlobalSection(ProjectConfigurationPlatforms) = postSolution
		{39445100-F0E2-4639-9CE1-486455536D19}.Debug|Any CPU.ActiveCfg = Debug|Any CPU
		{39445100-F0E2-4639-9CE1-486455536D19}.Debug|Any CPU.Build.0 = Debug|Any CPU
		{39445100-F0E2-4639-9CE1-486455536D19}.Release|Any CPU.ActiveCfg = Release|Any CPU
		{39445100-F0E2-4639-9CE1-486455536D19}.Release|Any CPU.Build.0 = Release|Any CPU
	EndGlobalSection
	GlobalSection(SolutionProperties) = preSolution
		HideSolutionNode = FALSE
	EndGlobalSection
	GlobalSection(ExtensibilityGlobals) = postSolution
		SolutionGuid = {2E31AF26-A055-46EB-A19B-74D0CB04314F}
	EndGlobalSection
EndGlobal
